
Microsoft Visual Studio Solution File, Format Version 12.00
# Visual Studio Version 17
VisualStudioVersion = 17.0.31903.59
MinimumVisualStudioVersion = 10.0.40219.1
Project("{9A19103F-16F7-4668-BE54-9A1E7A4F7556}") = "LojaVirtual", "LojaVirtual\LojaVirtual.csproj", "{79A7B69A-187A-48F4-A012-07079FF91A4A}"
EndProject
Project("{FAE04EC0-301F-11D3-BF4B-00C04F79EFBC}") = "Console", "Console\Console.csproj", "{BA5A74D7-A1C9-4159-A477-BB20984B26B6}"
EndProject
Project("{FAE04EC0-301F-11D3-BF4B-00C04F79EFBC}") = "LojaVirtual.Tests", "LojaVirtual.Tests\LojaVirtual.Tests.csproj", "{F757A177-1BD7-45B7-935D-FCFED44244D6}"
EndProject
Global
	GlobalSection(SolutionConfigurationPlatforms) = preSolution
		Debug|Any CPU = Debug|Any CPU
		Release|Any CPU = Release|Any CPU
	EndGlobalSection
	GlobalSection(ProjectConfigurationPlatforms) = postSolution
		{79A7B69A-187A-48F4-A012-07079FF91A4A}.Debug|Any CPU.ActiveCfg = Debug|Any CPU
		{79A7B69A-187A-48F4-A012-07079FF91A4A}.Debug|Any CPU.Build.0 = Debug|Any CPU
		{79A7B69A-187A-48F4-A012-07079FF91A4A}.Release|Any CPU.ActiveCfg = Release|Any CPU
		{79A7B69A-187A-48F4-A012-07079FF91A4A}.Release|Any CPU.Build.0 = Release|Any CPU
		{BA5A74D7-A1C9-4159-A477-BB20984B26B6}.Debug|Any CPU.ActiveCfg = Debug|Any CPU
		{BA5A74D7-A1C9-4159-A477-BB20984B26B6}.Debug|Any CPU.Build.0 = Debug|Any CPU
		{BA5A74D7-A1C9-4159-A477-BB20984B26B6}.Release|Any CPU.ActiveCfg = Release|Any CPU
		{BA5A74D7-A1C9-4159-A477-BB20984B26B6}.Release|Any CPU.Build.0 = Release|Any CPU
		{F757A177-1BD7-45B7-935D-FCFED44244D6}.Debug|Any CPU.ActiveCfg = Debug|Any CPU
		{F757A177-1BD7-45B7-935D-FCFED44244D6}.Debug|Any CPU.Build.0 = Debug|Any CPU
		{F757A177-1BD7-45B7-935D-FCFED44244D6}.Release|Any CPU.ActiveCfg = Release|Any CPU
		{F757A177-1BD7-45B7-935D-FCFED44244D6}.Release|Any CPU.Build.0 = Release|Any CPU
	EndGlobalSection
	GlobalSection(SolutionProperties) = preSolution
		HideSolutionNode = FALSE
	EndGlobalSection
	GlobalSection(ExtensibilityGlobals) = postSolution
		SolutionGuid = {D8564D8C-95B3-4B8C-ABE1-66C17D5FC2A7}
	EndGlobalSection
EndGlobal
