
Microsoft Visual Studio Solution File, Format Version 12.00
# Visual Studio Version 17
VisualStudioVersion = 17.9.34714.143
MinimumVisualStudioVersion = 10.0.40219.1
Project("{FAE04EC0-301F-11D3-BF4B-00C04F79EFBC}") = "CalculadoraDeSalariosTests", "CalculadoraDeSalariosTests\CalculadoraDeSalariosTests.csproj", "{0DE6FE68-2ED1-497F-A579-A1D9A17C0A20}"
EndProject
Project("{FAE04EC0-301F-11D3-BF4B-00C04F79EFBC}") = "FuncionarioData", "Funcionario\FuncionarioData.csproj", "{A2FDA002-4AE8-4D75-AB1E-FFBA13ED35A9}"
EndProject
Global
	GlobalSection(SolutionConfigurationPlatforms) = preSolution
		Debug|Any CPU = Debug|Any CPU
		Release|Any CPU = Release|Any CPU
	EndGlobalSection
	GlobalSection(ProjectConfigurationPlatforms) = postSolution
		{0DE6FE68-2ED1-497F-A579-A1D9A17C0A20}.Debug|Any CPU.ActiveCfg = Debug|Any CPU
		{0DE6FE68-2ED1-497F-A579-A1D9A17C0A20}.Debug|Any CPU.Build.0 = Debug|Any CPU
		{0DE6FE68-2ED1-497F-A579-A1D9A17C0A20}.Release|Any CPU.ActiveCfg = Release|Any CPU
		{0DE6FE68-2ED1-497F-A579-A1D9A17C0A20}.Release|Any CPU.Build.0 = Release|Any CPU
		{A2FDA002-4AE8-4D75-AB1E-FFBA13ED35A9}.Debug|Any CPU.ActiveCfg = Debug|Any CPU
		{A2FDA002-4AE8-4D75-AB1E-FFBA13ED35A9}.Debug|Any CPU.Build.0 = Debug|Any CPU
		{A2FDA002-4AE8-4D75-AB1E-FFBA13ED35A9}.Release|Any CPU.ActiveCfg = Release|Any CPU
		{A2FDA002-4AE8-4D75-AB1E-FFBA13ED35A9}.Release|Any CPU.Build.0 = Release|Any CPU
	EndGlobalSection
	GlobalSection(SolutionProperties) = preSolution
		HideSolutionNode = FALSE
	EndGlobalSection
	GlobalSection(ExtensibilityGlobals) = postSolution
		SolutionGuid = {02EE9BFC-9B10-4FB4-A780-296D29E5C7FB}
	EndGlobalSection
EndGlobal
